
Microsoft Visual Studio Solution File, Format Version 12.00
# Visual Studio 15
Project("{FAE04EC0-301F-11D3-BF4B-00C04F79EFBC}") = "Assembly-CSharp", "Assembly-CSharp.csproj", "{6C53EC83-D85F-E08A-DF6E-6BEE4386CD3B}"
EndProject
Project("{FAE04EC0-301F-11D3-BF4B-00C04F79EFBC}") = "Assembly-CSharp-Editor", "Assembly-CSharp-Editor.csproj", "{E493C075-7F2F-52EC-7B6F-7DB68027FA74}"
EndProject
Global
	GlobalSection(SolutionConfigurationPlatforms) = preSolution
		Debug|Any CPU = Debug|Any CPU
		Release|Any CPU = Release|Any CPU
	EndGlobalSection
	GlobalSection(ProjectConfigurationPlatforms) = postSolution
		{6C53EC83-D85F-E08A-DF6E-6BEE4386CD3B}.Debug|Any CPU.ActiveCfg = Debug|Any CPU
		{6C53EC83-D85F-E08A-DF6E-6BEE4386CD3B}.Debug|Any CPU.Build.0 = Debug|Any CPU
		{6C53EC83-D85F-E08A-DF6E-6BEE4386CD3B}.Release|Any CPU.ActiveCfg = Release|Any CPU
		{6C53EC83-D85F-E08A-DF6E-6BEE4386CD3B}.Release|Any CPU.Build.0 = Release|Any CPU
		{E493C075-7F2F-52EC-7B6F-7DB68027FA74}.Debug|Any CPU.ActiveCfg = Debug|Any CPU
		{E493C075-7F2F-52EC-7B6F-7DB68027FA74}.Debug|Any CPU.Build.0 = Debug|Any CPU
		{E493C075-7F2F-52EC-7B6F-7DB68027FA74}.Release|Any CPU.ActiveCfg = Release|Any CPU
		{E493C075-7F2F-52EC-7B6F-7DB68027FA74}.Release|Any CPU.Build.0 = Release|Any CPU
	EndGlobalSection
	GlobalSection(SolutionProperties) = preSolution
		HideSolutionNode = FALSE
	EndGlobalSection
EndGlobal
